
Microsoft Visual Studio Solution File, Format Version 12.00
# Visual Studio Version 17
VisualStudioVersion = 17.11.35222.181
MinimumVisualStudioVersion = 10.0.40219.1
Project("{FAE04EC0-301F-11D3-BF4B-00C04F79EFBC}") = "topic 5 assignment", "topic 5 assignment\topic 5 assignment.csproj", "{B2C766FC-FA09-436D-B55C-035D2A6CA507}"
EndProject
Global
	GlobalSection(SolutionConfigurationPlatforms) = preSolution
		Debug|Any CPU = Debug|Any CPU
		Release|Any CPU = Release|Any CPU
	EndGlobalSection
	GlobalSection(ProjectConfigurationPlatforms) = postSolution
		{B2C766FC-FA09-436D-B55C-035D2A6CA507}.Debug|Any CPU.ActiveCfg = Debug|Any CPU
		{B2C766FC-FA09-436D-B55C-035D2A6CA507}.Debug|Any CPU.Build.0 = Debug|Any CPU
		{B2C766FC-FA09-436D-B55C-035D2A6CA507}.Release|Any CPU.ActiveCfg = Release|Any CPU
		{B2C766FC-FA09-436D-B55C-035D2A6CA507}.Release|Any CPU.Build.0 = Release|Any CPU
	EndGlobalSection
	GlobalSection(SolutionProperties) = preSolution
		HideSolutionNode = FALSE
	EndGlobalSection
	GlobalSection(ExtensibilityGlobals) = postSolution
		SolutionGuid = {DD531BB9-30F3-47C9-8C55-EFCE202EEC44}
	EndGlobalSection
EndGlobal
